
Microsoft Visual Studio Solution File, Format Version 12.00
# Visual Studio Version 17
VisualStudioVersion = 17.14.36414.22 d17.14
MinimumVisualStudioVersion = 10.0.40219.1
Project("{FAE04EC0-301F-11D3-BF4B-00C04F79EFBC}") = "GilyazoV", "GilyazoV\GilyazoV.csproj", "{C8D58F72-A689-42A9-AC76-81C4ABCFA937}"
EndProject
Global
	GlobalSection(SolutionConfigurationPlatforms) = preSolution
		Debug|Any CPU = Debug|Any CPU
		Release|Any CPU = Release|Any CPU
	EndGlobalSection
	GlobalSection(ProjectConfigurationPlatforms) = postSolution
		{C8D58F72-A689-42A9-AC76-81C4ABCFA937}.Debug|Any CPU.ActiveCfg = Debug|Any CPU
		{C8D58F72-A689-42A9-AC76-81C4ABCFA937}.Debug|Any CPU.Build.0 = Debug|Any CPU
		{C8D58F72-A689-42A9-AC76-81C4ABCFA937}.Release|Any CPU.ActiveCfg = Release|Any CPU
		{C8D58F72-A689-42A9-AC76-81C4ABCFA937}.Release|Any CPU.Build.0 = Release|Any CPU
	EndGlobalSection
	GlobalSection(SolutionProperties) = preSolution
		HideSolutionNode = FALSE
	EndGlobalSection
	GlobalSection(ExtensibilityGlobals) = postSolution
		SolutionGuid = {E9C80422-75F5-4413-9345-E03C446A0472}
	EndGlobalSection
EndGlobal
